
Microsoft Visual Studio Solution File, Format Version 12.00
# Visual Studio Version 17
VisualStudioVersion = 17.1.32328.378
MinimumVisualStudioVersion = 10.0.40219.1
Project("{FAE04EC0-301F-11D3-BF4B-00C04F79EFBC}") = "RP_Övning1", "RP_Övning1\RP_Övning1.csproj", "{86FBAB7B-44EE-4C6D-A15D-58DC74D41042}"
EndProject
Project("{2150E333-8FDC-42A3-9474-1A3956D46DE8}") = "Solution Items", "Solution Items", "{2E21F191-C4AE-417B-8A73-599218D5D13B}"
	ProjectSection(SolutionItems) = preProject
		.editorconfig = .editorconfig
	EndProjectSection
EndProject
Global
	GlobalSection(SolutionConfigurationPlatforms) = preSolution
		Debug|Any CPU = Debug|Any CPU
		Release|Any CPU = Release|Any CPU
	EndGlobalSection
	GlobalSection(ProjectConfigurationPlatforms) = postSolution
		{86FBAB7B-44EE-4C6D-A15D-58DC74D41042}.Debug|Any CPU.ActiveCfg = Debug|Any CPU
		{86FBAB7B-44EE-4C6D-A15D-58DC74D41042}.Debug|Any CPU.Build.0 = Debug|Any CPU
		{86FBAB7B-44EE-4C6D-A15D-58DC74D41042}.Release|Any CPU.ActiveCfg = Release|Any CPU
		{86FBAB7B-44EE-4C6D-A15D-58DC74D41042}.Release|Any CPU.Build.0 = Release|Any CPU
	EndGlobalSection
	GlobalSection(SolutionProperties) = preSolution
		HideSolutionNode = FALSE
	EndGlobalSection
	GlobalSection(ExtensibilityGlobals) = postSolution
		SolutionGuid = {9E9311D7-814F-40B3-AFBD-BD787D66A898}
	EndGlobalSection
EndGlobal
